// !$*UTF8*$!
{
	archiveVersion = 1;
	classes = {
	};
	objectVersion = 46;
	objects = {

/* Begin PBXBuildFile section */
		552AAA6D1B70D4F2002B02EA /* libcurl-networking.a in Frameworks */ = {isa = PBXBuildFile; fileRef = 552AAA611B70D4F2002B02EA /* libcurl-networking.a */; };
		552AAB731B71ED71002B02EA /* tconnection.cpp in Sources */ = {isa = PBXBuildFile; fileRef = 552AAB651B71ED71002B02EA /* tconnection.cpp */; };
		552AAB741B71ED71002B02EA /* tconnection_operation.cpp in Sources */ = {isa = PBXBuildFile; fileRef = 552AAB671B71ED71002B02EA /* tconnection_operation.cpp */; };
		552AAB751B71ED71002B02EA /* tconnection_operation_queue.cpp in Sources */ = {isa = PBXBuildFile; fileRef = 552AAB6A1B71ED71002B02EA /* tconnection_operation_queue.cpp */; };
		552AAB761B71ED71002B02EA /* trequest.cpp in Sources */ = {isa = PBXBuildFile; fileRef = 552AAB6C1B71ED71002B02EA /* trequest.cpp */; };
		552AAB771B71ED71002B02EA /* tresponse.cpp in Sources */ = {isa = PBXBuildFile; fileRef = 552AAB6E1B71ED71002B02EA /* tresponse.cpp */; };
		552AAB7B1B71EDB8002B02EA /* libcurl.a in Frameworks */ = {isa = PBXBuildFile; fileRef = 552AAB791B71EDB8002B02EA /* libcurl.a */; };
		552AAB7C1B71EDB8002B02EA /* libdispatch-lite.a in Frameworks */ = {isa = PBXBuildFile; fileRef = 552AAB7A1B71EDB8002B02EA /* libdispatch-lite.a */; };
		552AAB7E1B71EDC2002B02EA /* libz.dylib in Frameworks */ = {isa = PBXBuildFile; fileRef = 552AAB7D1B71EDC2002B02EA /* libz.dylib */; };
		552AAB801B71EDD0002B02EA /* libevent.a in Frameworks */ = {isa = PBXBuildFile; fileRef = 552AAB7F1B71EDD0002B02EA /* libevent.a */; };
		552AAB831B71EEDC002B02EA /* networktest.mm in Sources */ = {isa = PBXBuildFile; fileRef = 552AAB821B71EEDC002B02EA /* networktest.mm */; };
/* End PBXBuildFile section */

/* Begin PBXContainerItemProxy section */
		552AAA6E1B70D4F2002B02EA /* PBXContainerItemProxy */ = {
			isa = PBXContainerItemProxy;
			containerPortal = 552AAA591B70D4F2002B02EA /* Project object */;
			proxyType = 1;
			remoteGlobalIDString = 552AAA601B70D4F2002B02EA;
			remoteInfo = network;
		};
/* End PBXContainerItemProxy section */

/* Begin PBXCopyFilesBuildPhase section */
		552AAA5F1B70D4F2002B02EA /* CopyFiles */ = {
			isa = PBXCopyFilesBuildPhase;
			buildActionMask = 2147483647;
			dstPath = "include/$(PRODUCT_NAME)";
			dstSubfolderSpec = 16;
			files = (
			);
			runOnlyForDeploymentPostprocessing = 0;
		};
/* End PBXCopyFilesBuildPhase section */

/* Begin PBXFileReference section */
		552AAA611B70D4F2002B02EA /* libcurl-networking.a */ = {isa = PBXFileReference; explicitFileType = archive.ar; includeInIndex = 0; path = "libcurl-networking.a"; sourceTree = BUILT_PRODUCTS_DIR; };
		552AAA6C1B70D4F2002B02EA /* curl-networkingTests.xctest */ = {isa = PBXFileReference; explicitFileType = wrapper.cfbundle; includeInIndex = 0; path = "curl-networkingTests.xctest"; sourceTree = BUILT_PRODUCTS_DIR; };
		552AAB651B71ED71002B02EA /* tconnection.cpp */ = {isa = PBXFileReference; fileEncoding = 4; lastKnownFileType = sourcecode.cpp.cpp; path = tconnection.cpp; sourceTree = "<group>"; };
		552AAB661B71ED71002B02EA /* tconnection.h */ = {isa = PBXFileReference; fileEncoding = 4; lastKnownFileType = sourcecode.c.h; path = tconnection.h; sourceTree = "<group>"; };
		552AAB671B71ED71002B02EA /* tconnection_operation.cpp */ = {isa = PBXFileReference; fileEncoding = 4; lastKnownFileType = sourcecode.cpp.cpp; path = tconnection_operation.cpp; sourceTree = "<group>"; };
		552AAB681B71ED71002B02EA /* tconnection_operation.h */ = {isa = PBXFileReference; fileEncoding = 4; lastKnownFileType = sourcecode.c.h; path = tconnection_operation.h; sourceTree = "<group>"; };
		552AAB691B71ED71002B02EA /* tconnection_operation_delegate.h */ = {isa = PBXFileReference; fileEncoding = 4; lastKnownFileType = sourcecode.c.h; path = tconnection_operation_delegate.h; sourceTree = "<group>"; };
		552AAB6A1B71ED71002B02EA /* tconnection_operation_queue.cpp */ = {isa = PBXFileReference; fileEncoding = 4; lastKnownFileType = sourcecode.cpp.cpp; path = tconnection_operation_queue.cpp; sourceTree = "<group>"; };
		552AAB6B1B71ED71002B02EA /* tconnection_operation_queue.h */ = {isa = PBXFileReference; fileEncoding = 4; lastKnownFileType = sourcecode.c.h; path = tconnection_operation_queue.h; sourceTree = "<group>"; };
		552AAB6C1B71ED71002B02EA /* trequest.cpp */ = {isa = PBXFileReference; fileEncoding = 4; lastKnownFileType = sourcecode.cpp.cpp; path = trequest.cpp; sourceTree = "<group>"; };
		552AAB6D1B71ED71002B02EA /* trequest.h */ = {isa = PBXFileReference; fileEncoding = 4; lastKnownFileType = sourcecode.c.h; path = trequest.h; sourceTree = "<group>"; };
		552AAB6E1B71ED71002B02EA /* tresponse.cpp */ = {isa = PBXFileReference; fileEncoding = 4; lastKnownFileType = sourcecode.cpp.cpp; path = tresponse.cpp; sourceTree = "<group>"; };
		552AAB6F1B71ED71002B02EA /* tresponse.h */ = {isa = PBXFileReference; fileEncoding = 4; lastKnownFileType = sourcecode.c.h; path = tresponse.h; sourceTree = "<group>"; };
		552AAB711B71ED71002B02EA /* Info.plist */ = {isa = PBXFileReference; fileEncoding = 4; lastKnownFileType = text.plist.xml; path = Info.plist; sourceTree = "<group>"; };
		552AAB791B71EDB8002B02EA /* libcurl.a */ = {isa = PBXFileReference; lastKnownFileType = archive.ar; name = libcurl.a; path = "../../CURL/build/Debug-iphoneos/libcurl.a"; sourceTree = "<group>"; };
		552AAB7A1B71EDB8002B02EA /* libdispatch-lite.a */ = {isa = PBXFileReference; lastKnownFileType = archive.ar; name = "libdispatch-lite.a"; path = "../../Dispatch-Lite/build/Debug-iphoneos/libdispatch-lite.a"; sourceTree = "<group>"; };
		552AAB7D1B71EDC2002B02EA /* libz.dylib */ = {isa = PBXFileReference; lastKnownFileType = "compiled.mach-o.dylib"; name = libz.dylib; path = usr/lib/libz.dylib; sourceTree = SDKROOT; };
		552AAB7F1B71EDD0002B02EA /* libevent.a */ = {isa = PBXFileReference; lastKnownFileType = archive.ar; name = libevent.a; path = ../../Libevent/lib/libevent.a; sourceTree = "<group>"; };
		552AAB821B71EEDC002B02EA /* networktest.mm */ = {isa = PBXFileReference; fileEncoding = 4; lastKnownFileType = sourcecode.cpp.objcpp; path = networktest.mm; sourceTree = "<group>"; };
/* End PBXFileReference section */

/* Begin PBXFrameworksBuildPhase section */
		552AAA5E1B70D4F2002B02EA /* Frameworks */ = {
			isa = PBXFrameworksBuildPhase;
			buildActionMask = 2147483647;
			files = (
			);
			runOnlyForDeploymentPostprocessing = 0;
		};
		552AAA691B70D4F2002B02EA /* Frameworks */ = {
			isa = PBXFrameworksBuildPhase;
			buildActionMask = 2147483647;
			files = (
				552AAB801B71EDD0002B02EA /* libevent.a in Frameworks */,
				552AAB7E1B71EDC2002B02EA /* libz.dylib in Frameworks */,
				552AAB7B1B71EDB8002B02EA /* libcurl.a in Frameworks */,
				552AAB7C1B71EDB8002B02EA /* libdispatch-lite.a in Frameworks */,
				552AAA6D1B70D4F2002B02EA /* libcurl-networking.a in Frameworks */,
			);
			runOnlyForDeploymentPostprocessing = 0;
		};
/* End PBXFrameworksBuildPhase section */

/* Begin PBXGroup section */
		552AAA581B70D4F2002B02EA = {
			isa = PBXGroup;
			children = (
				552AAB641B71ED71002B02EA /* curl-networking */,
				552AAB701B71ED71002B02EA /* curl-networkingTests */,
				552AAA621B70D4F2002B02EA /* Products */,
			);
			sourceTree = "<group>";
		};
		552AAA621B70D4F2002B02EA /* Products */ = {
			isa = PBXGroup;
			children = (
				552AAA611B70D4F2002B02EA /* libcurl-networking.a */,
				552AAA6C1B70D4F2002B02EA /* curl-networkingTests.xctest */,
			);
			name = Products;
			sourceTree = "<group>";
		};
		552AAB641B71ED71002B02EA /* curl-networking */ = {
			isa = PBXGroup;
			children = (
				552AAB651B71ED71002B02EA /* tconnection.cpp */,
				552AAB661B71ED71002B02EA /* tconnection.h */,
				552AAB671B71ED71002B02EA /* tconnection_operation.cpp */,
				552AAB681B71ED71002B02EA /* tconnection_operation.h */,
				552AAB691B71ED71002B02EA /* tconnection_operation_delegate.h */,
				552AAB6A1B71ED71002B02EA /* tconnection_operation_queue.cpp */,
				552AAB6B1B71ED71002B02EA /* tconnection_operation_queue.h */,
				552AAB6C1B71ED71002B02EA /* trequest.cpp */,
				552AAB6D1B71ED71002B02EA /* trequest.h */,
				552AAB6E1B71ED71002B02EA /* tresponse.cpp */,
				552AAB6F1B71ED71002B02EA /* tresponse.h */,
			);
			path = "curl-networking";
			sourceTree = "<group>";
		};
		552AAB701B71ED71002B02EA /* curl-networkingTests */ = {
			isa = PBXGroup;
			children = (
				552AAB821B71EEDC002B02EA /* networktest.mm */,
				552AAB7F1B71EDD0002B02EA /* libevent.a */,
				552AAB7D1B71EDC2002B02EA /* libz.dylib */,
				552AAB791B71EDB8002B02EA /* libcurl.a */,
				552AAB7A1B71EDB8002B02EA /* libdispatch-lite.a */,
				552AAB811B71EE62002B02EA /* Supporting Files */,
			);
			path = "curl-networkingTests";
			sourceTree = "<group>";
		};
		552AAB811B71EE62002B02EA /* Supporting Files */ = {
			isa = PBXGroup;
			children = (
				552AAB711B71ED71002B02EA /* Info.plist */,
			);
			name = "Supporting Files";
			sourceTree = "<group>";
		};
/* End PBXGroup section */

/* Begin PBXNativeTarget section */
		552AAA601B70D4F2002B02EA /* curl-networking */ = {
			isa = PBXNativeTarget;
			buildConfigurationList = 552AAA751B70D4F2002B02EA /* Build configuration list for PBXNativeTarget "curl-networking" */;
			buildPhases = (
				552AAA5D1B70D4F2002B02EA /* Sources */,
				552AAA5E1B70D4F2002B02EA /* Frameworks */,
				552AAA5F1B70D4F2002B02EA /* CopyFiles */,
			);
			buildRules = (
			);
			dependencies = (
			);
			name = "curl-networking";
			productName = network;
			productReference = 552AAA611B70D4F2002B02EA /* libcurl-networking.a */;
			productType = "com.apple.product-type.library.static";
		};
		552AAA6B1B70D4F2002B02EA /* curl-networkingTests */ = {
			isa = PBXNativeTarget;
			buildConfigurationList = 552AAA781B70D4F2002B02EA /* Build configuration list for PBXNativeTarget "curl-networkingTests" */;
			buildPhases = (
				552AAA681B70D4F2002B02EA /* Sources */,
				552AAA691B70D4F2002B02EA /* Frameworks */,
				552AAA6A1B70D4F2002B02EA /* Resources */,
			);
			buildRules = (
			);
			dependencies = (
				552AAA6F1B70D4F2002B02EA /* PBXTargetDependency */,
			);
			name = "curl-networkingTests";
			productName = networkTests;
			productReference = 552AAA6C1B70D4F2002B02EA /* curl-networkingTests.xctest */;
			productType = "com.apple.product-type.bundle.unit-test";
		};
/* End PBXNativeTarget section */

/* Begin PBXProject section */
		552AAA591B70D4F2002B02EA /* Project object */ = {
			isa = PBXProject;
			attributes = {
				LastUpgradeCheck = 0640;
				ORGANIZATIONNAME = tencent;
				TargetAttributes = {
					552AAA601B70D4F2002B02EA = {
						CreatedOnToolsVersion = 6.4;
					};
					552AAA6B1B70D4F2002B02EA = {
						CreatedOnToolsVersion = 6.4;
					};
				};
			};
			buildConfigurationList = 552AAA5C1B70D4F2002B02EA /* Build configuration list for PBXProject "curl-networking" */;
			compatibilityVersion = "Xcode 3.2";
			developmentRegion = English;
			hasScannedForEncodings = 0;
			knownRegions = (
				en,
			);
			mainGroup = 552AAA581B70D4F2002B02EA;
			productRefGroup = 552AAA621B70D4F2002B02EA /* Products */;
			projectDirPath = "";
			projectRoot = "";
			targets = (
				552AAA601B70D4F2002B02EA /* curl-networking */,
				552AAA6B1B70D4F2002B02EA /* curl-networkingTests */,
			);
		};
/* End PBXProject section */

/* Begin PBXResourcesBuildPhase section */
		552AAA6A1B70D4F2002B02EA /* Resources */ = {
			isa = PBXResourcesBuildPhase;
			buildActionMask = 2147483647;
			files = (
			);
			runOnlyForDeploymentPostprocessing = 0;
		};
/* End PBXResourcesBuildPhase section */

/* Begin PBXSourcesBuildPhase section */
		552AAA5D1B70D4F2002B02EA /* Sources */ = {
			isa = PBXSourcesBuildPhase;
			buildActionMask = 2147483647;
			files = (
				552AAB751B71ED71002B02EA /* tconnection_operation_queue.cpp in Sources */,
				552AAB771B71ED71002B02EA /* tresponse.cpp in Sources */,
				552AAB741B71ED71002B02EA /* tconnection_operation.cpp in Sources */,
				552AAB761B71ED71002B02EA /* trequest.cpp in Sources */,
				552AAB731B71ED71002B02EA /* tconnection.cpp in Sources */,
			);
			runOnlyForDeploymentPostprocessing = 0;
		};
		552AAA681B70D4F2002B02EA /* Sources */ = {
			isa = PBXSourcesBuildPhase;
			buildActionMask = 2147483647;
			files = (
				552AAB831B71EEDC002B02EA /* networktest.mm in Sources */,
			);
			runOnlyForDeploymentPostprocessing = 0;
		};
/* End PBXSourcesBuildPhase section */

/* Begin PBXTargetDependency section */
		552AAA6F1B70D4F2002B02EA /* PBXTargetDependency */ = {
			isa = PBXTargetDependency;
			target = 552AAA601B70D4F2002B02EA /* curl-networking */;
			targetProxy = 552AAA6E1B70D4F2002B02EA /* PBXContainerItemProxy */;
		};
/* End PBXTargetDependency section */

/* Begin XCBuildConfiguration section */
		552AAA731B70D4F2002B02EA /* Debug */ = {
			isa = XCBuildConfiguration;
			buildSettings = {
				ALWAYS_SEARCH_USER_PATHS = NO;
				CLANG_CXX_LANGUAGE_STANDARD = "gnu++0x";
				CLANG_CXX_LIBRARY = "libc++";
				CLANG_ENABLE_MODULES = YES;
				CLANG_ENABLE_OBJC_ARC = YES;
				CLANG_WARN_BOOL_CONVERSION = YES;
				CLANG_WARN_CONSTANT_CONVERSION = YES;
				CLANG_WARN_DIRECT_OBJC_ISA_USAGE = YES_ERROR;
				CLANG_WARN_EMPTY_BODY = YES;
				CLANG_WARN_ENUM_CONVERSION = YES;
				CLANG_WARN_INT_CONVERSION = YES;
				CLANG_WARN_OBJC_ROOT_CLASS = YES_ERROR;
				CLANG_WARN_UNREACHABLE_CODE = YES;
				CLANG_WARN__DUPLICATE_METHOD_MATCH = YES;
				COPY_PHASE_STRIP = NO;
				DEBUG_INFORMATION_FORMAT = "dwarf-with-dsym";
				ENABLE_STRICT_OBJC_MSGSEND = YES;
				GCC_C_LANGUAGE_STANDARD = gnu99;
				GCC_DYNAMIC_NO_PIC = NO;
				GCC_NO_COMMON_BLOCKS = YES;
				GCC_OPTIMIZATION_LEVEL = 0;
				GCC_PREPROCESSOR_DEFINITIONS = (
					"DEBUG=1",
					"$(inherited)",
				);
				GCC_SYMBOLS_PRIVATE_EXTERN = NO;
				GCC_WARN_64_TO_32_BIT_CONVERSION = YES;
				GCC_WARN_ABOUT_RETURN_TYPE = YES_ERROR;
				GCC_WARN_UNDECLARED_SELECTOR = YES;
				GCC_WARN_UNINITIALIZED_AUTOS = YES_AGGRESSIVE;
				GCC_WARN_UNUSED_FUNCTION = YES;
				GCC_WARN_UNUSED_VARIABLE = YES;
				IPHONEOS_DEPLOYMENT_TARGET = 8.4;
				MTL_ENABLE_DEBUG_INFO = YES;
				ONLY_ACTIVE_ARCH = YES;
				SDKROOT = iphoneos;
			};
			name = Debug;
		};
		552AAA741B70D4F2002B02EA /* Release */ = {
			isa = XCBuildConfiguration;
			buildSettings = {
				ALWAYS_SEARCH_USER_PATHS = NO;
				CLANG_CXX_LANGUAGE_STANDARD = "gnu++0x";
				CLANG_CXX_LIBRARY = "libc++";
				CLANG_ENABLE_MODULES = YES;
				CLANG_ENABLE_OBJC_ARC = YES;
				CLANG_WARN_BOOL_CONVERSION = YES;
				CLANG_WARN_CONSTANT_CONVERSION = YES;
				CLANG_WARN_DIRECT_OBJC_ISA_USAGE = YES_ERROR;
				CLANG_WARN_EMPTY_BODY = YES;
				CLANG_WARN_ENUM_CONVERSION = YES;
				CLANG_WARN_INT_CONVERSION = YES;
				CLANG_WARN_OBJC_ROOT_CLASS = YES_ERROR;
				CLANG_WARN_UNREACHABLE_CODE = YES;
				CLANG_WARN__DUPLICATE_METHOD_MATCH = YES;
				COPY_PHASE_STRIP = NO;
				DEBUG_INFORMATION_FORMAT = "dwarf-with-dsym";
				ENABLE_NS_ASSERTIONS = NO;
				ENABLE_STRICT_OBJC_MSGSEND = YES;
				GCC_C_LANGUAGE_STANDARD = gnu99;
				GCC_NO_COMMON_BLOCKS = YES;
				GCC_WARN_64_TO_32_BIT_CONVERSION = YES;
				GCC_WARN_ABOUT_RETURN_TYPE = YES_ERROR;
				GCC_WARN_UNDECLARED_SELECTOR = YES;
				GCC_WARN_UNINITIALIZED_AUTOS = YES_AGGRESSIVE;
				GCC_WARN_UNUSED_FUNCTION = YES;
				GCC_WARN_UNUSED_VARIABLE = YES;
				IPHONEOS_DEPLOYMENT_TARGET = 8.4;
				MTL_ENABLE_DEBUG_INFO = NO;
				SDKROOT = iphoneos;
				VALIDATE_PRODUCT = YES;
			};
			name = Release;
		};
		552AAA761B70D4F2002B02EA /* Debug */ = {
			isa = XCBuildConfiguration;
			buildSettings = {
				OTHER_LDFLAGS = "-ObjC";
				PRODUCT_NAME = "curl-networking";
				SKIP_INSTALL = YES;
				USER_HEADER_SEARCH_PATHS = "$(SRCROOT)/../Dispatch-Lite/dispatch-lite/** $(SRCROOT)/../Curl/curl $(SRCROOT)/../Libevent/include";
			};
			name = Debug;
		};
		552AAA771B70D4F2002B02EA /* Release */ = {
			isa = XCBuildConfiguration;
			buildSettings = {
				OTHER_LDFLAGS = "-ObjC";
				PRODUCT_NAME = "curl-networking";
				SKIP_INSTALL = YES;
				USER_HEADER_SEARCH_PATHS = "$(SRCROOT)/../Dispatch-Lite/dispatch-lite/** $(SRCROOT)/../Curl/curl $(SRCROOT)/../Libevent/include";
			};
			name = Release;
		};
		552AAA791B70D4F2002B02EA /* Debug */ = {
			isa = XCBuildConfiguration;
			buildSettings = {
				"CODE_SIGN_IDENTITY[sdk=iphoneos*]" = "iPhone Developer";
				FRAMEWORK_SEARCH_PATHS = (
					"$(SDKROOT)/Developer/Library/Frameworks",
					"$(inherited)",
				);
				GCC_PREPROCESSOR_DEFINITIONS = (
					"DEBUG=1",
					"$(inherited)",
				);
				INFOPLIST_FILE = networkTests/Info.plist;
				LD_RUNPATH_SEARCH_PATHS = "$(inherited) @executable_path/Frameworks @loader_path/Frameworks";
				LIBRARY_SEARCH_PATHS = (
					"$(inherited)",
					"/Users/jasenhuang/workspace/mail/mail/Utils/Curl/build/Debug-iphoneos",
					"/Users/jasenhuang/workspace/mail/mail/Utils/dispatch-lite/build/Debug-iphoneos",
					/Users/jasenhuang/workspace/mail/mail/Utils/Libevent/lib,
					"/Users/jasenhuang/workspace/demo/Network/CURL/build/Debug-iphoneos",
					"/Users/jasenhuang/workspace/demo/Network/Dispatch-Lite/build/Debug-iphoneos",
					/Users/jasenhuang/workspace/demo/Network/Libevent/lib,
				);
				PRODUCT_NAME = "curl-networkingTests";
				USER_HEADER_SEARCH_PATHS = "$(SRCROOT)/../Dispatch-Lite/dispatch-lite/** $(SRCROOT)/../Curl/curl $(SRCROOT)/../Libevent/include";
			};
			name = Debug;
		};
		552AAA7A1B70D4F2002B02EA /* Release */ = {
			isa = XCBuildConfiguration;
			buildSettings = {
				"CODE_SIGN_IDENTITY[sdk=iphoneos*]" = "iPhone Developer";
				FRAMEWORK_SEARCH_PATHS = (
					"$(SDKROOT)/Developer/Library/Frameworks",
					"$(inherited)",
				);
				INFOPLIST_FILE = networkTests/Info.plist;
				LD_RUNPATH_SEARCH_PATHS = "$(inherited) @executable_path/Frameworks @loader_path/Frameworks";
				LIBRARY_SEARCH_PATHS = (
					"$(inherited)",
					"/Users/jasenhuang/workspace/mail/mail/Utils/Curl/build/Debug-iphoneos",
					"/Users/jasenhuang/workspace/mail/mail/Utils/dispatch-lite/build/Debug-iphoneos",
					/Users/jasenhuang/workspace/mail/mail/Utils/Libevent/lib,
					"/Users/jasenhuang/workspace/demo/Network/CURL/build/Debug-iphoneos",
					"/Users/jasenhuang/workspace/demo/Network/Dispatch-Lite/build/Debug-iphoneos",
					/Users/jasenhuang/workspace/demo/Network/Libevent/lib,
				);
				PRODUCT_NAME = "curl-networkingTests";
				USER_HEADER_SEARCH_PATHS = "$(SRCROOT)/../Dispatch-Lite/dispatch-lite/** $(SRCROOT)/../Curl/curl $(SRCROOT)/../Libevent/include";
			};
			name = Release;
		};
/* End XCBuildConfiguration section */

/* Begin XCConfigurationList section */
		552AAA5C1B70D4F2002B02EA /* Build configuration list for PBXProject "curl-networking" */ = {
			isa = XCConfigurationList;
			buildConfigurations = (
				552AAA731B70D4F2002B02EA /* Debug */,
				552AAA741B70D4F2002B02EA /* Release */,
			);
			defaultConfigurationIsVisible = 0;
			defaultConfigurationName = Release;
		};
		552AAA751B70D4F2002B02EA /* Build configuration list for PBXNativeTarget "curl-networking" */ = {
			isa = XCConfigurationList;
			buildConfigurations = (
				552AAA761B70D4F2002B02EA /* Debug */,
				552AAA771B70D4F2002B02EA /* Release */,
			);
			defaultConfigurationIsVisible = 0;
			defaultConfigurationName = Release;
		};
		552AAA781B70D4F2002B02EA /* Build configuration list for PBXNativeTarget "curl-networkingTests" */ = {
			isa = XCConfigurationList;
			buildConfigurations = (
				552AAA791B70D4F2002B02EA /* Debug */,
				552AAA7A1B70D4F2002B02EA /* Release */,
			);
			defaultConfigurationIsVisible = 0;
			defaultConfigurationName = Release;
		};
/* End XCConfigurationList section */
	};
	rootObject = 552AAA591B70D4F2002B02EA /* Project object */;
}
